{
  "name": "SpamBuddy-main",
  "lockfileVersion": 2,
  "requires": true,
  "packages": {
    "": {
      "dependencies": {
        "spam-filter": "^1.1.1"
      }
    },
    "node_modules/spam-filter": {
      "version": "1.1.1",
      "resolved": "https://registry.npmjs.org/spam-filter/-/spam-filter-1.1.1.tgz",
      "integrity": "sha512-re8h5jUCcDNz1y11trVA1jPuqK87FeA9aafM0IqGr7uo4JGFJ9gQ2tI4+ZE9dmOLLqTBkUMeRqag8oUtlpJC5Q==",
      "hasInstallScript": true,
      "engines": {
        "node": "8",
        "npm": "5"
      }
    }
  },
  "dependencies": {
    "spam-filter": {
      "version": "1.1.1",
      "resolved": "https://registry.npmjs.org/spam-filter/-/spam-filter-1.1.1.tgz",
      "integrity": "sha512-re8h5jUCcDNz1y11trVA1jPuqK87FeA9aafM0IqGr7uo4JGFJ9gQ2tI4+ZE9dmOLLqTBkUMeRqag8oUtlpJC5Q=="
    }
  }
}
